
Microsoft Visual Studio Solution File, Format Version 12.00
# Visual Studio Version 17
VisualStudioVersion = 17.8.34330.188
MinimumVisualStudioVersion = 10.0.40219.1
Project("{FAE04EC0-301F-11D3-BF4B-00C04F79EFBC}") = "ExamService.API", "ExamService.API.csproj", "{D581BC15-A9EA-4C52-99A5-C85EADE96E17}"
EndProject
Project("{FAE04EC0-301F-11D3-BF4B-00C04F79EFBC}") = "ExamService.Core", "..\ExamService.Core\ExamService.Core.csproj", "{28571564-68BE-4FD0-A1CF-E27AC5CC14B4}"
EndProject
Project("{FAE04EC0-301F-11D3-BF4B-00C04F79EFBC}") = "ExamService.Service", "..\ExamService.Service\ExamService.Service.csproj", "{3E086838-7A98-46E8-B851-EE2E7FC774C9}"
EndProject
Project("{FAE04EC0-301F-11D3-BF4B-00C04F79EFBC}") = "ExamService.Infrastructure", "..\ExamService.Infrastructure\ExamService.Infrastructure.csproj", "{1E72F68A-8063-4248-AAEB-705895E90FDD}"
EndProject
Project("{FAE04EC0-301F-11D3-BF4B-00C04F79EFBC}") = "ExamService.Data", "..\ExamService.Data\ExamService.Data.csproj", "{52671A84-9C52-44AC-A1E4-A851D18DFD5F}"
EndProject
Global
	GlobalSection(SolutionConfigurationPlatforms) = preSolution
		Debug|Any CPU = Debug|Any CPU
		Release|Any CPU = Release|Any CPU
	EndGlobalSection
	GlobalSection(ProjectConfigurationPlatforms) = postSolution
		{D581BC15-A9EA-4C52-99A5-C85EADE96E17}.Debug|Any CPU.ActiveCfg = Debug|Any CPU
		{D581BC15-A9EA-4C52-99A5-C85EADE96E17}.Debug|Any CPU.Build.0 = Debug|Any CPU
		{D581BC15-A9EA-4C52-99A5-C85EADE96E17}.Release|Any CPU.ActiveCfg = Release|Any CPU
		{D581BC15-A9EA-4C52-99A5-C85EADE96E17}.Release|Any CPU.Build.0 = Release|Any CPU
		{28571564-68BE-4FD0-A1CF-E27AC5CC14B4}.Debug|Any CPU.ActiveCfg = Debug|Any CPU
		{28571564-68BE-4FD0-A1CF-E27AC5CC14B4}.Debug|Any CPU.Build.0 = Debug|Any CPU
		{28571564-68BE-4FD0-A1CF-E27AC5CC14B4}.Release|Any CPU.ActiveCfg = Release|Any CPU
		{28571564-68BE-4FD0-A1CF-E27AC5CC14B4}.Release|Any CPU.Build.0 = Release|Any CPU
		{3E086838-7A98-46E8-B851-EE2E7FC774C9}.Debug|Any CPU.ActiveCfg = Debug|Any CPU
		{3E086838-7A98-46E8-B851-EE2E7FC774C9}.Debug|Any CPU.Build.0 = Debug|Any CPU
		{3E086838-7A98-46E8-B851-EE2E7FC774C9}.Release|Any CPU.ActiveCfg = Release|Any CPU
		{3E086838-7A98-46E8-B851-EE2E7FC774C9}.Release|Any CPU.Build.0 = Release|Any CPU
		{1E72F68A-8063-4248-AAEB-705895E90FDD}.Debug|Any CPU.ActiveCfg = Debug|Any CPU
		{1E72F68A-8063-4248-AAEB-705895E90FDD}.Debug|Any CPU.Build.0 = Debug|Any CPU
		{1E72F68A-8063-4248-AAEB-705895E90FDD}.Release|Any CPU.ActiveCfg = Release|Any CPU
		{1E72F68A-8063-4248-AAEB-705895E90FDD}.Release|Any CPU.Build.0 = Release|Any CPU
		{52671A84-9C52-44AC-A1E4-A851D18DFD5F}.Debug|Any CPU.ActiveCfg = Debug|Any CPU
		{52671A84-9C52-44AC-A1E4-A851D18DFD5F}.Debug|Any CPU.Build.0 = Debug|Any CPU
		{52671A84-9C52-44AC-A1E4-A851D18DFD5F}.Release|Any CPU.ActiveCfg = Release|Any CPU
		{52671A84-9C52-44AC-A1E4-A851D18DFD5F}.Release|Any CPU.Build.0 = Release|Any CPU
	EndGlobalSection
	GlobalSection(SolutionProperties) = preSolution
		HideSolutionNode = FALSE
	EndGlobalSection
	GlobalSection(ExtensibilityGlobals) = postSolution
		SolutionGuid = {F104A23D-BB3D-4EA5-BC53-A0B59AA6E216}
	EndGlobalSection
EndGlobal
